{
  "nodes": {
    "gen-identity": {
      "locked": {
        "lastModified": 1790381809,
        "narHash": "sha256-x0FpQt26vLk1F/EGBqs5CNdFrlFKsjq+rHQBIsYSBvA=",
        "owner": "sini",
        "repo": "gen-identity",
        "rev": "976478e72e189d43d53d8c4639ddc1d86286cb1a",
        "type": "github"
      },
      "original": {
        "owner": "sini",
        "repo": "gen-identity",
        "type": "github"
      }
    },
    "gen-prelude": {
      "locked": {
        "lastModified": 1790381819,
        "narHash": "sha256-NUsUwAjvgHXCF1YDXDLCEDmr0+cppEY17XryjyxaBSY=",
        "owner": "sini",
        "repo": "gen-prelude",
        "rev": "61b1ea78fbcf2222c50232b979975d7973ead98b",
        "type": "github"
      },
      "original": {
        "owner": "sini",
        "repo": "gen-prelude",
        "type": "github"
      }
    },
    "root": {
      "inputs": {
        "gen-identity": "gen-identity",
        "gen-prelude": "gen-prelude"
      }
    }
  },
  "root": "root",
  "version": 7
}
