{
  "nodes": {
    "gen-algebra": {
      "locked": {
        "lastModified": 1791382094,
        "narHash": "sha256-T6WBmrzXgJRvwKPQgUTNmZNbkgJ51W0KpO0tg7pHE2s=",
        "owner": "sini",
        "repo": "gen-algebra",
        "rev": "8e51f5b52ebeca2f180d4584ef7f7c20ab3ddd06",
        "type": "github"
      },
      "original": {
        "owner": "sini",
        "repo": "gen-algebra",
        "type": "github"
      }
    },
    "gen-identity": {
      "locked": {
        "lastModified": 1791339742,
        "narHash": "sha256-+f6+cWebYWRM4XLgDuXrPpa1AVykf5UaQoZWfvpfgeg=",
        "owner": "sini",
        "repo": "gen-identity",
        "rev": "6339f2332f4d2f62d7163d35cd4406fb3c91975b",
        "type": "github"
      },
      "original": {
        "owner": "sini",
        "repo": "gen-identity",
        "type": "github"
      }
    },
    "gen-prelude": {
      "locked": {
        "lastModified": 1791380152,
        "narHash": "sha256-mmseC6TrExcA2W2KFJZ5Q98CflFlRZ++gRypXHBCons=",
        "owner": "sini",
        "repo": "gen-prelude",
        "rev": "02b8b287e01fbc8b84b6a5a3198aedf51dd24877",
        "type": "github"
      },
      "original": {
        "owner": "sini",
        "repo": "gen-prelude",
        "type": "github"
      }
    },
    "root": {
      "inputs": {
        "gen-algebra": "gen-algebra",
        "gen-identity": "gen-identity",
        "gen-prelude": "gen-prelude"
      }
    }
  },
  "root": "root",
  "version": 7
}
