{
  "nodes": {
    "gen-algebra": {
      "locked": {
        "lastModified": 1791297444,
        "narHash": "sha256-Mia4wRNk+Ti81c1il/U3PO09GWopgQZijTzDQQq0+Nw=",
        "owner": "sini",
        "repo": "gen-algebra",
        "rev": "4620cdc8c491238732d002b44674936b607d5008",
        "type": "github"
      },
      "original": {
        "owner": "sini",
        "repo": "gen-algebra",
        "type": "github"
      }
    },
    "gen-identity": {
      "locked": {
        "lastModified": 1791297375,
        "narHash": "sha256-1y06lZU3S402J6i3VHJ7N3QpEJRaobLEBb0n1czaGbM=",
        "owner": "sini",
        "repo": "gen-identity",
        "rev": "4350968f0a4bce3ae54bda89a04aae78dcbaa350",
        "type": "github"
      },
      "original": {
        "owner": "sini",
        "repo": "gen-identity",
        "type": "github"
      }
    },
    "gen-prelude": {
      "locked": {
        "lastModified": 1791297378,
        "narHash": "sha256-B0VQf9nrqUVbBLePwr8QD6X7/hd0Ey+/eO9eXI+vef8=",
        "owner": "sini",
        "repo": "gen-prelude",
        "rev": "da7dcf4e7969c1dd4cab129eb94432c80d32e9aa",
        "type": "github"
      },
      "original": {
        "owner": "sini",
        "repo": "gen-prelude",
        "type": "github"
      }
    },
    "root": {
      "inputs": {
        "gen-algebra": "gen-algebra",
        "gen-identity": "gen-identity",
        "gen-prelude": "gen-prelude"
      }
    }
  },
  "root": "root",
  "version": 7
}
